
Microsoft Visual Studio Solution File, Format Version 12.00
Project("{FAE04EC0-301F-11D3-BF4B-00C04F79EFBC}") = "Ejercicio_02", "Ejercicio_02\Ejercicio_02.csproj", "{48E64A97-541A-4076-AB1A-F5B46471FAD8}"
EndProject
Global
	GlobalSection(SolutionConfigurationPlatforms) = preSolution
		Debug|Any CPU = Debug|Any CPU
		Release|Any CPU = Release|Any CPU
	EndGlobalSection
	GlobalSection(ProjectConfigurationPlatforms) = postSolution
		{48E64A97-541A-4076-AB1A-F5B46471FAD8}.Debug|Any CPU.ActiveCfg = Debug|Any CPU
		{48E64A97-541A-4076-AB1A-F5B46471FAD8}.Debug|Any CPU.Build.0 = Debug|Any CPU
		{48E64A97-541A-4076-AB1A-F5B46471FAD8}.Release|Any CPU.ActiveCfg = Release|Any CPU
		{48E64A97-541A-4076-AB1A-F5B46471FAD8}.Release|Any CPU.Build.0 = Release|Any CPU
	EndGlobalSection
EndGlobal
